// !$*UTF8*$!
{
	archiveVersion = 1;
	classes = {
	};
	objectVersion = 46;
	objects = {

/* Begin PBXBuildFile section */
		5975D1A219B56F3C00F341D5 /* AppDelegate.swift in Sources */ = {isa = PBXBuildFile; fileRef = 5975D1A119B56F3C00F341D5 /* AppDelegate.swift */; };
		5975D1A419B56F3C00F341D5 /* ViewController.swift in Sources */ = {isa = PBXBuildFile; fileRef = 5975D1A319B56F3C00F341D5 /* ViewController.swift */; };
		5975D1A719B56F3C00F341D5 /* Main.storyboard in Resources */ = {isa = PBXBuildFile; fileRef = 5975D1A519B56F3C00F341D5 /* Main.storyboard */; };
		5975D1A919B56F3C00F341D5 /* Images.xcassets in Resources */ = {isa = PBXBuildFile; fileRef = 5975D1A819B56F3C00F341D5 /* Images.xcassets */; };
		5975D1B519B56F3C00F341D5 /* GitHubExampleTests.swift in Sources */ = {isa = PBXBuildFile; fileRef = 5975D1B419B56F3C00F341D5 /* GitHubExampleTests.swift */; };
/* End PBXBuildFile section */

/* Begin PBXContainerItemProxy section */
		5975D1AF19B56F3C00F341D5 /* PBXContainerItemProxy */ = {
			isa = PBXContainerItemProxy;
			containerPortal = 5975D19419B56F3B00F341D5 /* Project object */;
			proxyType = 1;
			remoteGlobalIDString = 5975D19B19B56F3B00F341D5;
			remoteInfo = GitHubExample;
		};
/* End PBXContainerItemProxy section */

/* Begin PBXFileReference section */
		5975D19C19B56F3C00F341D5 /* GitHubExample.app */ = {isa = PBXFileReference; explicitFileType = wrapper.application; includeInIndex = 0; path = GitHubExample.app; sourceTree = BUILT_PRODUCTS_DIR; };
		5975D1A019B56F3C00F341D5 /* Info.plist */ = {isa = PBXFileReference; lastKnownFileType = text.plist.xml; path = Info.plist; sourceTree = "<group>"; };
		5975D1A119B56F3C00F341D5 /* AppDelegate.swift */ = {isa = PBXFileReference; lastKnownFileType = sourcecode.swift; path = AppDelegate.swift; sourceTree = "<group>"; };
		5975D1A319B56F3C00F341D5 /* ViewController.swift */ = {isa = PBXFileReference; lastKnownFileType = sourcecode.swift; path = ViewController.swift; sourceTree = "<group>"; };
		5975D1A619B56F3C00F341D5 /* Base */ = {isa = PBXFileReference; lastKnownFileType = file.storyboard; name = Base; path = Base.lproj/Main.storyboard; sourceTree = "<group>"; };
		5975D1A819B56F3C00F341D5 /* Images.xcassets */ = {isa = PBXFileReference; lastKnownFileType = folder.assetcatalog; path = Images.xcassets; sourceTree = "<group>"; };
		5975D1AE19B56F3C00F341D5 /* GitHubExampleTests.xctest */ = {isa = PBXFileReference; explicitFileType = wrapper.cfbundle; includeInIndex = 0; path = GitHubExampleTests.xctest; sourceTree = BUILT_PRODUCTS_DIR; };
		5975D1B319B56F3C00F341D5 /* Info.plist */ = {isa = PBXFileReference; lastKnownFileType = text.plist.xml; path = Info.plist; sourceTree = "<group>"; };
		5975D1B419B56F3C00F341D5 /* GitHubExampleTests.swift */ = {isa = PBXFileReference; lastKnownFileType = sourcecode.swift; path = GitHubExampleTests.swift; sourceTree = "<group>"; };
/* End PBXFileReference section */

/* Begin PBXFrameworksBuildPhase section */
		5975D19919B56F3B00F341D5 /* Frameworks */ = {
			isa = PBXFrameworksBuildPhase;
			buildActionMask = 2147483647;
			files = (
			);
			runOnlyForDeploymentPostprocessing = 0;
		};
		5975D1AB19B56F3C00F341D5 /* Frameworks */ = {
			isa = PBXFrameworksBuildPhase;
			buildActionMask = 2147483647;
			files = (
			);
			runOnlyForDeploymentPostprocessing = 0;
		};
/* End PBXFrameworksBuildPhase section */

/* Begin PBXGroup section */
		5975D19319B56F3B00F341D5 = {
			isa = PBXGroup;
			children = (
				5975D19E19B56F3C00F341D5 /* GitHubExample */,
				5975D1B119B56F3C00F341D5 /* GitHubExampleTests */,
				5975D19D19B56F3C00F341D5 /* Products */,
			);
			sourceTree = "<group>";
		};
		5975D19D19B56F3C00F341D5 /* Products */ = {
			isa = PBXGroup;
			children = (
				5975D19C19B56F3C00F341D5 /* GitHubExample.app */,
				5975D1AE19B56F3C00F341D5 /* GitHubExampleTests.xctest */,
			);
			name = Products;
			sourceTree = "<group>";
		};
		5975D19E19B56F3C00F341D5 /* GitHubExample */ = {
			isa = PBXGroup;
			children = (
				5975D1A119B56F3C00F341D5 /* AppDelegate.swift */,
				5975D1A319B56F3C00F341D5 /* ViewController.swift */,
				5975D1A519B56F3C00F341D5 /* Main.storyboard */,
				5975D1A819B56F3C00F341D5 /* Images.xcassets */,
				5975D19F19B56F3C00F341D5 /* Supporting Files */,
			);
			path = GitHubExample;
			sourceTree = "<group>";
		};
		5975D19F19B56F3C00F341D5 /* Supporting Files */ = {
			isa = PBXGroup;
			children = (
				5975D1A019B56F3C00F341D5 /* Info.plist */,
			);
			name = "Supporting Files";
			sourceTree = "<group>";
		};
		5975D1B119B56F3C00F341D5 /* GitHubExampleTests */ = {
			isa = PBXGroup;
			children = (
				5975D1B419B56F3C00F341D5 /* GitHubExampleTests.swift */,
				5975D1B219B56F3C00F341D5 /* Supporting Files */,
			);
			path = GitHubExampleTests;
			sourceTree = "<group>";
		};
		5975D1B219B56F3C00F341D5 /* Supporting Files */ = {
			isa = PBXGroup;
			children = (
				5975D1B319B56F3C00F341D5 /* Info.plist */,
			);
			name = "Supporting Files";
			sourceTree = "<group>";
		};
/* End PBXGroup section */

/* Begin PBXNativeTarget section */
		5975D19B19B56F3B00F341D5 /* GitHubExample */ = {
			isa = PBXNativeTarget;
			buildConfigurationList = 5975D1B819B56F3C00F341D5 /* Build configuration list for PBXNativeTarget "GitHubExample" */;
			buildPhases = (
				5975D19819B56F3B00F341D5 /* Sources */,
				5975D19919B56F3B00F341D5 /* Frameworks */,
				5975D19A19B56F3B00F341D5 /* Resources */,
			);
			buildRules = (
			);
			dependencies = (
			);
			name = GitHubExample;
			productName = GitHubExample;
			productReference = 5975D19C19B56F3C00F341D5 /* GitHubExample.app */;
			productType = "com.apple.product-type.application";
		};
		5975D1AD19B56F3C00F341D5 /* GitHubExampleTests */ = {
			isa = PBXNativeTarget;
			buildConfigurationList = 5975D1BB19B56F3C00F341D5 /* Build configuration list for PBXNativeTarget "GitHubExampleTests" */;
			buildPhases = (
				5975D1AA19B56F3C00F341D5 /* Sources */,
				5975D1AB19B56F3C00F341D5 /* Frameworks */,
				5975D1AC19B56F3C00F341D5 /* Resources */,
			);
			buildRules = (
			);
			dependencies = (
				5975D1B019B56F3C00F341D5 /* PBXTargetDependency */,
			);
			name = GitHubExampleTests;
			productName = GitHubExampleTests;
			productReference = 5975D1AE19B56F3C00F341D5 /* GitHubExampleTests.xctest */;
			productType = "com.apple.product-type.bundle.unit-test";
		};
/* End PBXNativeTarget section */

/* Begin PBXProject section */
		5975D19419B56F3B00F341D5 /* Project object */ = {
			isa = PBXProject;
			attributes = {
				LastUpgradeCheck = 0600;
				ORGANIZATIONNAME = Polaris;
				TargetAttributes = {
					5975D19B19B56F3B00F341D5 = {
						CreatedOnToolsVersion = 6.0;
					};
					5975D1AD19B56F3C00F341D5 = {
						CreatedOnToolsVersion = 6.0;
						TestTargetID = 5975D19B19B56F3B00F341D5;
					};
				};
			};
			buildConfigurationList = 5975D19719B56F3B00F341D5 /* Build configuration list for PBXProject "GitHubExample" */;
			compatibilityVersion = "Xcode 3.2";
			developmentRegion = English;
			hasScannedForEncodings = 0;
			knownRegions = (
				en,
				Base,
			);
			mainGroup = 5975D19319B56F3B00F341D5;
			productRefGroup = 5975D19D19B56F3C00F341D5 /* Products */;
			projectDirPath = "";
			projectRoot = "";
			targets = (
				5975D19B19B56F3B00F341D5 /* GitHubExample */,
				5975D1AD19B56F3C00F341D5 /* GitHubExampleTests */,
			);
		};
/* End PBXProject section */

/* Begin PBXResourcesBuildPhase section */
		5975D19A19B56F3B00F341D5 /* Resources */ = {
			isa = PBXResourcesBuildPhase;
			buildActionMask = 2147483647;
			files = (
				5975D1A719B56F3C00F341D5 /* Main.storyboard in Resources */,
				5975D1A919B56F3C00F341D5 /* Images.xcassets in Resources */,
			);
			runOnlyForDeploymentPostprocessing = 0;
		};
		5975D1AC19B56F3C00F341D5 /* Resources */ = {
			isa = PBXResourcesBuildPhase;
			buildActionMask = 2147483647;
			files = (
			);
			runOnlyForDeploymentPostprocessing = 0;
		};
/* End PBXResourcesBuildPhase section */

/* Begin PBXSourcesBuildPhase section */
		5975D19819B56F3B00F341D5 /* Sources */ = {
			isa = PBXSourcesBuildPhase;
			buildActionMask = 2147483647;
			files = (
				5975D1A419B56F3C00F341D5 /* ViewController.swift in Sources */,
				5975D1A219B56F3C00F341D5 /* AppDelegate.swift in Sources */,
			);
			runOnlyForDeploymentPostprocessing = 0;
		};
		5975D1AA19B56F3C00F341D5 /* Sources */ = {
			isa = PBXSourcesBuildPhase;
			buildActionMask = 2147483647;
			files = (
				5975D1B519B56F3C00F341D5 /* GitHubExampleTests.swift in Sources */,
			);
			runOnlyForDeploymentPostprocessing = 0;
		};
/* End PBXSourcesBuildPhase section */

/* Begin PBXTargetDependency section */
		5975D1B019B56F3C00F341D5 /* PBXTargetDependency */ = {
			isa = PBXTargetDependency;
			target = 5975D19B19B56F3B00F341D5 /* GitHubExample */;
			targetProxy = 5975D1AF19B56F3C00F341D5 /* PBXContainerItemProxy */;
		};
/* End PBXTargetDependency section */

/* Begin PBXVariantGroup section */
		5975D1A519B56F3C00F341D5 /* Main.storyboard */ = {
			isa = PBXVariantGroup;
			children = (
				5975D1A619B56F3C00F341D5 /* Base */,
			);
			name = Main.storyboard;
			sourceTree = "<group>";
		};
/* End PBXVariantGroup section */

/* Begin XCBuildConfiguration section */
		5975D1B619B56F3C00F341D5 /* Debug */ = {
			isa = XCBuildConfiguration;
			buildSettings = {
				ALWAYS_SEARCH_USER_PATHS = NO;
				CLANG_CXX_LANGUAGE_STANDARD = "gnu++0x";
				CLANG_CXX_LIBRARY = "libc++";
				CLANG_ENABLE_MODULES = YES;
				CLANG_ENABLE_OBJC_ARC = YES;
				CLANG_WARN_BOOL_CONVERSION = YES;
				CLANG_WARN_CONSTANT_CONVERSION = YES;
				CLANG_WARN_DIRECT_OBJC_ISA_USAGE = YES_ERROR;
				CLANG_WARN_EMPTY_BODY = YES;
				CLANG_WARN_ENUM_CONVERSION = YES;
				CLANG_WARN_INT_CONVERSION = YES;
				CLANG_WARN_OBJC_ROOT_CLASS = YES_ERROR;
				CLANG_WARN_UNREACHABLE_CODE = YES;
				CLANG_WARN__DUPLICATE_METHOD_MATCH = YES;
				"CODE_SIGN_IDENTITY[sdk=iphoneos*]" = "iPhone Developer";
				COPY_PHASE_STRIP = NO;
				ENABLE_STRICT_OBJC_MSGSEND = YES;
				GCC_C_LANGUAGE_STANDARD = gnu99;
				GCC_DYNAMIC_NO_PIC = NO;
				GCC_OPTIMIZATION_LEVEL = 0;
				GCC_PREPROCESSOR_DEFINITIONS = (
					"DEBUG=1",
					"$(inherited)",
				);
				GCC_SYMBOLS_PRIVATE_EXTERN = NO;
				GCC_WARN_64_TO_32_BIT_CONVERSION = YES;
				GCC_WARN_ABOUT_RETURN_TYPE = YES_ERROR;
				GCC_WARN_UNDECLARED_SELECTOR = YES;
				GCC_WARN_UNINITIALIZED_AUTOS = YES_AGGRESSIVE;
				GCC_WARN_UNUSED_FUNCTION = YES;
				GCC_WARN_UNUSED_VARIABLE = YES;
				IPHONEOS_DEPLOYMENT_TARGET = 8.0;
				MTL_ENABLE_DEBUG_INFO = YES;
				ONLY_ACTIVE_ARCH = YES;
				SDKROOT = iphoneos;
				SWIFT_OPTIMIZATION_LEVEL = "-Onone";
				TARGETED_DEVICE_FAMILY = "1,2";
			};
			name = Debug;
		};
		5975D1B719B56F3C00F341D5 /* Release */ = {
			isa = XCBuildConfiguration;
			buildSettings = {
				ALWAYS_SEARCH_USER_PATHS = NO;
				CLANG_CXX_LANGUAGE_STANDARD = "gnu++0x";
				CLANG_CXX_LIBRARY = "libc++";
				CLANG_ENABLE_MODULES = YES;
				CLANG_ENABLE_OBJC_ARC = YES;
				CLANG_WARN_BOOL_CONVERSION = YES;
				CLANG_WARN_CONSTANT_CONVERSION = YES;
				CLANG_WARN_DIRECT_OBJC_ISA_USAGE = YES_ERROR;
				CLANG_WARN_EMPTY_BODY = YES;
				CLANG_WARN_ENUM_CONVERSION = YES;
				CLANG_WARN_INT_CONVERSION = YES;
				CLANG_WARN_OBJC_ROOT_CLASS = YES_ERROR;
				CLANG_WARN_UNREACHABLE_CODE = YES;
				CLANG_WARN__DUPLICATE_METHOD_MATCH = YES;
				"CODE_SIGN_IDENTITY[sdk=iphoneos*]" = "iPhone Developer";
				COPY_PHASE_STRIP = YES;
				ENABLE_NS_ASSERTIONS = NO;
				ENABLE_STRICT_OBJC_MSGSEND = YES;
				GCC_C_LANGUAGE_STANDARD = gnu99;
				GCC_WARN_64_TO_32_BIT_CONVERSION = YES;
				GCC_WARN_ABOUT_RETURN_TYPE = YES_ERROR;
				GCC_WARN_UNDECLARED_SELECTOR = YES;
				GCC_WARN_UNINITIALIZED_AUTOS = YES_AGGRESSIVE;
				GCC_WARN_UNUSED_FUNCTION = YES;
				GCC_WARN_UNUSED_VARIABLE = YES;
				IPHONEOS_DEPLOYMENT_TARGET = 8.0;
				MTL_ENABLE_DEBUG_INFO = NO;
				SDKROOT = iphoneos;
				TARGETED_DEVICE_FAMILY = "1,2";
				VALIDATE_PRODUCT = YES;
			};
			name = Release;
		};
		5975D1B919B56F3C00F341D5 /* Debug */ = {
			isa = XCBuildConfiguration;
			buildSettings = {
				ASSETCATALOG_COMPILER_APPICON_NAME = AppIcon;
				ASSETCATALOG_COMPILER_LAUNCHIMAGE_NAME = LaunchImage;
				INFOPLIST_FILE = GitHubExample/Info.plist;
				LD_RUNPATH_SEARCH_PATHS = "$(inherited) @executable_path/Frameworks";
				PRODUCT_NAME = "$(TARGET_NAME)";
			};
			name = Debug;
		};
		5975D1BA19B56F3C00F341D5 /* Release */ = {
			isa = XCBuildConfiguration;
			buildSettings = {
				ASSETCATALOG_COMPILER_APPICON_NAME = AppIcon;
				ASSETCATALOG_COMPILER_LAUNCHIMAGE_NAME = LaunchImage;
				INFOPLIST_FILE = GitHubExample/Info.plist;
				LD_RUNPATH_SEARCH_PATHS = "$(inherited) @executable_path/Frameworks";
				PRODUCT_NAME = "$(TARGET_NAME)";
			};
			name = Release;
		};
		5975D1BC19B56F3C00F341D5 /* Debug */ = {
			isa = XCBuildConfiguration;
			buildSettings = {
				BUNDLE_LOADER = "$(TEST_HOST)";
				FRAMEWORK_SEARCH_PATHS = (
					"$(SDKROOT)/Developer/Library/Frameworks",
					"$(inherited)",
				);
				GCC_PREPROCESSOR_DEFINITIONS = (
					"DEBUG=1",
					"$(inherited)",
				);
				INFOPLIST_FILE = GitHubExampleTests/Info.plist;
				LD_RUNPATH_SEARCH_PATHS = "$(inherited) @executable_path/Frameworks @loader_path/Frameworks";
				PRODUCT_NAME = "$(TARGET_NAME)";
				TEST_HOST = "$(BUILT_PRODUCTS_DIR)/GitHubExample.app/GitHubExample";
			};
			name = Debug;
		};
		5975D1BD19B56F3C00F341D5 /* Release */ = {
			isa = XCBuildConfiguration;
			buildSettings = {
				BUNDLE_LOADER = "$(TEST_HOST)";
				FRAMEWORK_SEARCH_PATHS = (
					"$(SDKROOT)/Developer/Library/Frameworks",
					"$(inherited)",
				);
				INFOPLIST_FILE = GitHubExampleTests/Info.plist;
				LD_RUNPATH_SEARCH_PATHS = "$(inherited) @executable_path/Frameworks @loader_path/Frameworks";
				PRODUCT_NAME = "$(TARGET_NAME)";
				TEST_HOST = "$(BUILT_PRODUCTS_DIR)/GitHubExample.app/GitHubExample";
			};
			name = Release;
		};
/* End XCBuildConfiguration section */

/* Begin XCConfigurationList section */
		5975D19719B56F3B00F341D5 /* Build configuration list for PBXProject "GitHubExample" */ = {
			isa = XCConfigurationList;
			buildConfigurations = (
				5975D1B619B56F3C00F341D5 /* Debug */,
				5975D1B719B56F3C00F341D5 /* Release */,
			);
			defaultConfigurationIsVisible = 0;
			defaultConfigurationName = Release;
		};
		5975D1B819B56F3C00F341D5 /* Build configuration list for PBXNativeTarget "GitHubExample" */ = {
			isa = XCConfigurationList;
			buildConfigurations = (
				5975D1B919B56F3C00F341D5 /* Debug */,
				5975D1BA19B56F3C00F341D5 /* Release */,
			);
			defaultConfigurationIsVisible = 0;
		};
		5975D1BB19B56F3C00F341D5 /* Build configuration list for PBXNativeTarget "GitHubExampleTests" */ = {
			isa = XCConfigurationList;
			buildConfigurations = (
				5975D1BC19B56F3C00F341D5 /* Debug */,
				5975D1BD19B56F3C00F341D5 /* Release */,
			);
			defaultConfigurationIsVisible = 0;
		};
/* End XCConfigurationList section */
	};
	rootObject = 5975D19419B56F3B00F341D5 /* Project object */;
}
